// !$*UTF8*$!
{
	archiveVersion = 1;
	classes = {
	};
	objectVersion = 46;
	objects = {

/* Begin PBXBuildFile section */
		0009150B1EAD5628005A6BD3 /* LoginTableViewController.swift in Sources */ = {isa = PBXBuildFile; fileRef = 0009150A1EAD5628005A6BD3 /* LoginTableViewController.swift */; };
		00416AD51E47E5DB00DA733D /* Course.swift in Sources */ = {isa = PBXBuildFile; fileRef = 00416AD41E47E5DB00DA733D /* Course.swift */; };
		005709AC1E480046008D2D96 /* CourseAddViewController.swift in Sources */ = {isa = PBXBuildFile; fileRef = 005709AB1E480046008D2D96 /* CourseAddViewController.swift */; };
		007EE6F51EB0506A00E4CC30 /* Storage.swift in Sources */ = {isa = PBXBuildFile; fileRef = 007EE6F41EB0506A00E4CC30 /* Storage.swift */; };
		009C4E141E42D37D00260378 /* AppDelegate.swift in Sources */ = {isa = PBXBuildFile; fileRef = 009C4E131E42D37D00260378 /* AppDelegate.swift */; };
		009C4E1B1E42D37D00260378 /* Main.storyboard in Resources */ = {isa = PBXBuildFile; fileRef = 009C4E191E42D37D00260378 /* Main.storyboard */; settings = {ASSET_TAGS = (Cancel, ); }; };
		009C4E1D1E42D37D00260378 /* Assets.xcassets in Resources */ = {isa = PBXBuildFile; fileRef = 009C4E1C1E42D37D00260378 /* Assets.xcassets */; };
		009C4E201E42D37D00260378 /* LaunchScreen.storyboard in Resources */ = {isa = PBXBuildFile; fileRef = 009C4E1E1E42D37D00260378 /* LaunchScreen.storyboard */; };
		009C4E2C1E42DD2800260378 /* CourseViewController.swift in Sources */ = {isa = PBXBuildFile; fileRef = 009C4E2B1E42DD2800260378 /* CourseViewController.swift */; };
		00DF402C1E47DC930095B2FD /* Event.swift in Sources */ = {isa = PBXBuildFile; fileRef = 00DF402B1E47DC930095B2FD /* Event.swift */; };
		00DF402E1E47DDF70095B2FD /* Log.swift in Sources */ = {isa = PBXBuildFile; fileRef = 00DF402D1E47DDF70095B2FD /* Log.swift */; };
		00DF40301E47E0700095B2FD /* Helpers.swift in Sources */ = {isa = PBXBuildFile; fileRef = 00DF402F1E47E0700095B2FD /* Helpers.swift */; };
		1118E6DE1E9C57F100A85134 /* Goal.swift in Sources */ = {isa = PBXBuildFile; fileRef = 1118E6DD1E9C57F100A85134 /* Goal.swift */; };
		601962C11E4EB14C001EAAC0 /* PlannerViewController.swift in Sources */ = {isa = PBXBuildFile; fileRef = 601962C01E4EB14C001EAAC0 /* PlannerViewController.swift */; };
		601962CD1E4EE780001EAAC0 /* Item.swift in Sources */ = {isa = PBXBuildFile; fileRef = 601962CC1E4EE780001EAAC0 /* Item.swift */; };
		602BFBDA1E641A58006FED32 /* CalendarViewController.swift in Sources */ = {isa = PBXBuildFile; fileRef = 602BFBD91E641A58006FED32 /* CalendarViewController.swift */; };
		604DFBE91EAB079300AD0656 /* CourseStatsViewController.swift in Sources */ = {isa = PBXBuildFile; fileRef = 604DFBE81EAB079300AD0656 /* CourseStatsViewController.swift */; };
		606B3A861E8E12D8000DF9DC /* QuarterAddTableViewController.swift in Sources */ = {isa = PBXBuildFile; fileRef = 606B3A851E8E12D8000DF9DC /* QuarterAddTableViewController.swift */; };
		60752EBA1E9DD95C00D699B3 /* CalendarIntegration.swift in Sources */ = {isa = PBXBuildFile; fileRef = 60752EB91E9DD95C00D699B3 /* CalendarIntegration.swift */; };
		607A78501E983DE100177692 /* Keys.swift in Sources */ = {isa = PBXBuildFile; fileRef = 607A784F1E983DE100177692 /* Keys.swift */; };
		60822B8C1E6B9A58009670EC /* PlannerAddTableViewController.swift in Sources */ = {isa = PBXBuildFile; fileRef = 60822B8B1E6B9A58009670EC /* PlannerAddTableViewController.swift */; };
		609FB4821E6BF6DB00B09346 /* EmptyBackgroundView.swift in Sources */ = {isa = PBXBuildFile; fileRef = 609FB4811E6BF6DB00B09346 /* EmptyBackgroundView.swift */; };
		60B325BB1E8AE59F00CE6164 /* Quarter.swift in Sources */ = {isa = PBXBuildFile; fileRef = 60B325BA1E8AE59F00CE6164 /* Quarter.swift */; };
		60B5F7A61E8CD00F0025ACD0 /* QuartersViewController.swift in Sources */ = {isa = PBXBuildFile; fileRef = 60B5F7A51E8CD00F0025ACD0 /* QuartersViewController.swift */; };
		60E4E9951E9603FC007EBEA4 /* ThemeTableViewController.swift in Sources */ = {isa = PBXBuildFile; fileRef = 60E4E9941E9603FC007EBEA4 /* ThemeTableViewController.swift */; };
		60E4E9971E96174B007EBEA4 /* Theme.swift in Sources */ = {isa = PBXBuildFile; fileRef = 60E4E9961E96174B007EBEA4 /* Theme.swift */; };
		60FD5E331EA5724600C73B9C /* LinkedList.swift in Sources */ = {isa = PBXBuildFile; fileRef = 60FD5E321EA5724600C73B9C /* LinkedList.swift */; };
		60FD5E351EA5789D00C73B9C /* TimeBlock.swift in Sources */ = {isa = PBXBuildFile; fileRef = 60FD5E341EA5789D00C73B9C /* TimeBlock.swift */; };
		8F23F73C1EB9ED47009F64F5 /* QuarterStatsViewController.swift in Sources */ = {isa = PBXBuildFile; fileRef = 8F23F73B1EB9ED47009F64F5 /* QuarterStatsViewController.swift */; };
		8F2CCA191EA7F42C0068B942 /* TutorialViewController.swift in Sources */ = {isa = PBXBuildFile; fileRef = 8F2CCA181EA7F42C0068B942 /* TutorialViewController.swift */; };
		8F2CCA1B1EA7F4440068B942 /* TutorialPageViewController.swift in Sources */ = {isa = PBXBuildFile; fileRef = 8F2CCA1A1EA7F4440068B942 /* TutorialPageViewController.swift */; };
		8F2CCA1D1EA7F45B0068B942 /* Tutorial1ViewController.swift in Sources */ = {isa = PBXBuildFile; fileRef = 8F2CCA1C1EA7F45B0068B942 /* Tutorial1ViewController.swift */; };
		8F2CCA1F1EA7F46F0068B942 /* Tutorial2ViewController.swift in Sources */ = {isa = PBXBuildFile; fileRef = 8F2CCA1E1EA7F46F0068B942 /* Tutorial2ViewController.swift */; };
		8F2CCA211EA7F47B0068B942 /* Tutorial3ViewController.swift in Sources */ = {isa = PBXBuildFile; fileRef = 8F2CCA201EA7F47B0068B942 /* Tutorial3ViewController.swift */; };
		8F2CCA231EA7F4860068B942 /* Tutorial4ViewController.swift in Sources */ = {isa = PBXBuildFile; fileRef = 8F2CCA221EA7F4860068B942 /* Tutorial4ViewController.swift */; };
		8F2CCA251EA7F48F0068B942 /* Tutorial5ViewController.swift in Sources */ = {isa = PBXBuildFile; fileRef = 8F2CCA241EA7F48F0068B942 /* Tutorial5ViewController.swift */; };
		8F2CCA271EA7F49A0068B942 /* Tutorial6ViewController.swift in Sources */ = {isa = PBXBuildFile; fileRef = 8F2CCA261EA7F49A0068B942 /* Tutorial6ViewController.swift */; };
		B2D58E2ACE30D0B2C026AF6B /* Pods_TMA.framework in Frameworks */ = {isa = PBXBuildFile; fileRef = D9980388F43AECB0582C67FE /* Pods_TMA.framework */; };
/* End PBXBuildFile section */

/* Begin PBXCopyFilesBuildPhase section */
		11F858131E516B2C007DCFAC /* Embed Frameworks */ = {
			isa = PBXCopyFilesBuildPhase;
			buildActionMask = 2147483647;
			dstPath = "";
			dstSubfolderSpec = 10;
			files = (
			);
			name = "Embed Frameworks";
			runOnlyForDeploymentPostprocessing = 0;
		};
/* End PBXCopyFilesBuildPhase section */

/* Begin PBXFileReference section */
		0009150A1EAD5628005A6BD3 /* LoginTableViewController.swift */ = {isa = PBXFileReference; fileEncoding = 4; lastKnownFileType = sourcecode.swift; name = LoginTableViewController.swift; path = ../LoginTableViewController.swift; sourceTree = "<group>"; };
		00416AD41E47E5DB00DA733D /* Course.swift */ = {isa = PBXFileReference; fileEncoding = 4; lastKnownFileType = sourcecode.swift; path = Course.swift; sourceTree = "<group>"; };
		005709AB1E480046008D2D96 /* CourseAddViewController.swift */ = {isa = PBXFileReference; fileEncoding = 4; lastKnownFileType = sourcecode.swift; path = CourseAddViewController.swift; sourceTree = "<group>"; };
		007EE6F41EB0506A00E4CC30 /* Storage.swift */ = {isa = PBXFileReference; fileEncoding = 4; lastKnownFileType = sourcecode.swift; path = Storage.swift; sourceTree = "<group>"; };
		009C4E101E42D37D00260378 /* TMA.app */ = {isa = PBXFileReference; explicitFileType = wrapper.application; includeInIndex = 0; path = TMA.app; sourceTree = BUILT_PRODUCTS_DIR; };
		009C4E131E42D37D00260378 /* AppDelegate.swift */ = {isa = PBXFileReference; lastKnownFileType = sourcecode.swift; path = AppDelegate.swift; sourceTree = "<group>"; };
		009C4E1A1E42D37D00260378 /* Base */ = {isa = PBXFileReference; lastKnownFileType = file.storyboard; name = Base; path = Base.lproj/Main.storyboard; sourceTree = "<group>"; };
		009C4E1C1E42D37D00260378 /* Assets.xcassets */ = {isa = PBXFileReference; lastKnownFileType = folder.assetcatalog; path = Assets.xcassets; sourceTree = "<group>"; };
		009C4E1F1E42D37D00260378 /* Base */ = {isa = PBXFileReference; lastKnownFileType = file.storyboard; name = Base; path = Base.lproj/LaunchScreen.storyboard; sourceTree = "<group>"; };
		009C4E211E42D37D00260378 /* Info.plist */ = {isa = PBXFileReference; lastKnownFileType = text.plist.xml; path = Info.plist; sourceTree = "<group>"; };
		009C4E2B1E42DD2800260378 /* CourseViewController.swift */ = {isa = PBXFileReference; fileEncoding = 4; lastKnownFileType = sourcecode.swift; name = CourseViewController.swift; path = ../CourseViewController.swift; sourceTree = "<group>"; };
		00DF402B1E47DC930095B2FD /* Event.swift */ = {isa = PBXFileReference; fileEncoding = 4; lastKnownFileType = sourcecode.swift; path = Event.swift; sourceTree = "<group>"; };
		00DF402D1E47DDF70095B2FD /* Log.swift */ = {isa = PBXFileReference; fileEncoding = 4; lastKnownFileType = sourcecode.swift; path = Log.swift; sourceTree = "<group>"; };
		00DF402F1E47E0700095B2FD /* Helpers.swift */ = {isa = PBXFileReference; fileEncoding = 4; lastKnownFileType = sourcecode.swift; name = Helpers.swift; path = TMA/Helpers.swift; sourceTree = "<group>"; };
		1118E6DD1E9C57F100A85134 /* Goal.swift */ = {isa = PBXFileReference; fileEncoding = 4; lastKnownFileType = sourcecode.swift; path = Goal.swift; sourceTree = "<group>"; };
		506942A4975D9D963D2626DA /* Pods-TMA.debug.xcconfig */ = {isa = PBXFileReference; includeInIndex = 1; lastKnownFileType = text.xcconfig; name = "Pods-TMA.debug.xcconfig"; path = "Pods/Target Support Files/Pods-TMA/Pods-TMA.debug.xcconfig"; sourceTree = "<group>"; };
		601962C01E4EB14C001EAAC0 /* PlannerViewController.swift */ = {isa = PBXFileReference; fileEncoding = 4; lastKnownFileType = sourcecode.swift; path = PlannerViewController.swift; sourceTree = "<group>"; };
		601962CC1E4EE780001EAAC0 /* Item.swift */ = {isa = PBXFileReference; fileEncoding = 4; lastKnownFileType = sourcecode.swift; path = Item.swift; sourceTree = "<group>"; };
		602BFBD91E641A58006FED32 /* CalendarViewController.swift */ = {isa = PBXFileReference; fileEncoding = 4; lastKnownFileType = sourcecode.swift; path = CalendarViewController.swift; sourceTree = "<group>"; };
		604DFBE81EAB079300AD0656 /* CourseStatsViewController.swift */ = {isa = PBXFileReference; fileEncoding = 4; lastKnownFileType = sourcecode.swift; path = CourseStatsViewController.swift; sourceTree = "<group>"; };
		606B3A851E8E12D8000DF9DC /* QuarterAddTableViewController.swift */ = {isa = PBXFileReference; fileEncoding = 4; lastKnownFileType = sourcecode.swift; path = QuarterAddTableViewController.swift; sourceTree = "<group>"; };
		60752EB91E9DD95C00D699B3 /* CalendarIntegration.swift */ = {isa = PBXFileReference; fileEncoding = 4; lastKnownFileType = sourcecode.swift; name = CalendarIntegration.swift; path = TMA/CalendarIntegration.swift; sourceTree = "<group>"; };
		607A784F1E983DE100177692 /* Keys.swift */ = {isa = PBXFileReference; fileEncoding = 4; lastKnownFileType = sourcecode.swift; name = Keys.swift; path = TMA/Keys.swift; sourceTree = "<group>"; };
		60822B8B1E6B9A58009670EC /* PlannerAddTableViewController.swift */ = {isa = PBXFileReference; fileEncoding = 4; lastKnownFileType = sourcecode.swift; path = PlannerAddTableViewController.swift; sourceTree = "<group>"; };
		609FB4811E6BF6DB00B09346 /* EmptyBackgroundView.swift */ = {isa = PBXFileReference; fileEncoding = 4; lastKnownFileType = sourcecode.swift; name = EmptyBackgroundView.swift; path = TMA/EmptyBackgroundView.swift; sourceTree = "<group>"; };
		60B325BA1E8AE59F00CE6164 /* Quarter.swift */ = {isa = PBXFileReference; fileEncoding = 4; lastKnownFileType = sourcecode.swift; path = Quarter.swift; sourceTree = "<group>"; };
		60B5F7A51E8CD00F0025ACD0 /* QuartersViewController.swift */ = {isa = PBXFileReference; fileEncoding = 4; lastKnownFileType = sourcecode.swift; path = QuartersViewController.swift; sourceTree = "<group>"; };
		60E4E9941E9603FC007EBEA4 /* ThemeTableViewController.swift */ = {isa = PBXFileReference; fileEncoding = 4; lastKnownFileType = sourcecode.swift; path = ThemeTableViewController.swift; sourceTree = "<group>"; };
		60E4E9961E96174B007EBEA4 /* Theme.swift */ = {isa = PBXFileReference; fileEncoding = 4; lastKnownFileType = sourcecode.swift; name = Theme.swift; path = TMA/Theme.swift; sourceTree = "<group>"; };
		60FD5E321EA5724600C73B9C /* LinkedList.swift */ = {isa = PBXFileReference; fileEncoding = 4; lastKnownFileType = sourcecode.swift; path = LinkedList.swift; sourceTree = "<group>"; };
		60FD5E341EA5789D00C73B9C /* TimeBlock.swift */ = {isa = PBXFileReference; fileEncoding = 4; lastKnownFileType = sourcecode.swift; path = TimeBlock.swift; sourceTree = "<group>"; };
		8F23F73B1EB9ED47009F64F5 /* QuarterStatsViewController.swift */ = {isa = PBXFileReference; fileEncoding = 4; lastKnownFileType = sourcecode.swift; path = QuarterStatsViewController.swift; sourceTree = "<group>"; };
		8F2CCA181EA7F42C0068B942 /* TutorialViewController.swift */ = {isa = PBXFileReference; fileEncoding = 4; lastKnownFileType = sourcecode.swift; path = TutorialViewController.swift; sourceTree = "<group>"; };
		8F2CCA1A1EA7F4440068B942 /* TutorialPageViewController.swift */ = {isa = PBXFileReference; fileEncoding = 4; lastKnownFileType = sourcecode.swift; path = TutorialPageViewController.swift; sourceTree = "<group>"; };
		8F2CCA1C1EA7F45B0068B942 /* Tutorial1ViewController.swift */ = {isa = PBXFileReference; fileEncoding = 4; lastKnownFileType = sourcecode.swift; path = Tutorial1ViewController.swift; sourceTree = "<group>"; };
		8F2CCA1E1EA7F46F0068B942 /* Tutorial2ViewController.swift */ = {isa = PBXFileReference; fileEncoding = 4; lastKnownFileType = sourcecode.swift; path = Tutorial2ViewController.swift; sourceTree = "<group>"; };
		8F2CCA201EA7F47B0068B942 /* Tutorial3ViewController.swift */ = {isa = PBXFileReference; fileEncoding = 4; lastKnownFileType = sourcecode.swift; path = Tutorial3ViewController.swift; sourceTree = "<group>"; };
		8F2CCA221EA7F4860068B942 /* Tutorial4ViewController.swift */ = {isa = PBXFileReference; fileEncoding = 4; lastKnownFileType = sourcecode.swift; path = Tutorial4ViewController.swift; sourceTree = "<group>"; };
		8F2CCA241EA7F48F0068B942 /* Tutorial5ViewController.swift */ = {isa = PBXFileReference; fileEncoding = 4; lastKnownFileType = sourcecode.swift; path = Tutorial5ViewController.swift; sourceTree = "<group>"; };
		8F2CCA261EA7F49A0068B942 /* Tutorial6ViewController.swift */ = {isa = PBXFileReference; fileEncoding = 4; lastKnownFileType = sourcecode.swift; path = Tutorial6ViewController.swift; sourceTree = "<group>"; };
		B4E549B66F7D6B6754BD5852 /* Pods-TMA.release.xcconfig */ = {isa = PBXFileReference; includeInIndex = 1; lastKnownFileType = text.xcconfig; name = "Pods-TMA.release.xcconfig"; path = "Pods/Target Support Files/Pods-TMA/Pods-TMA.release.xcconfig"; sourceTree = "<group>"; };
		D9980388F43AECB0582C67FE /* Pods_TMA.framework */ = {isa = PBXFileReference; explicitFileType = wrapper.framework; includeInIndex = 0; path = Pods_TMA.framework; sourceTree = BUILT_PRODUCTS_DIR; };
/* End PBXFileReference section */

/* Begin PBXFrameworksBuildPhase section */
		009C4E0D1E42D37D00260378 /* Frameworks */ = {
			isa = PBXFrameworksBuildPhase;
			buildActionMask = 2147483647;
			files = (
				B2D58E2ACE30D0B2C026AF6B /* Pods_TMA.framework in Frameworks */,
			);
			runOnlyForDeploymentPostprocessing = 0;
		};
/* End PBXFrameworksBuildPhase section */

/* Begin PBXGroup section */
		009C4E071E42D37D00260378 = {
			isa = PBXGroup;
			children = (
				009C4E121E42D37D00260378 /* TMA */,
				009C4E111E42D37D00260378 /* Products */,
				391E7A6DF7CB421A2A9EAF14 /* Pods */,
				283FB7494105331B3EFB97C9 /* Frameworks */,
			);
			sourceTree = "<group>";
		};
		009C4E111E42D37D00260378 /* Products */ = {
			isa = PBXGroup;
			children = (
				009C4E101E42D37D00260378 /* TMA.app */,
			);
			name = Products;
			sourceTree = "<group>";
		};
		009C4E121E42D37D00260378 /* TMA */ = {
			isa = PBXGroup;
			children = (
				604DFBE71EAB06EC00AD0656 /* Stats Pages */,
				8F2CCA0D1EA770300068B942 /* Tutorial Pages */,
				6015DC001E9F7566005C8009 /* General */,
				6015DBFF1E9F754B005C8009 /* Settings Pages */,
				6015DBFD1E9F751F005C8009 /* Course Pages */,
				6015DBFC1E9F750D005C8009 /* Quarters Pages */,
				6015DBF91E9F74B8005C8009 /* Planner Pages */,
				6015DBF61E9F7406005C8009 /* Helpers */,
				00AA39051E47EA0800D819DD /* Models */,
			);
			path = TMA;
			sourceTree = "<group>";
		};
		00AA39051E47EA0800D819DD /* Models */ = {
			isa = PBXGroup;
			children = (
				60B325BA1E8AE59F00CE6164 /* Quarter.swift */,
				601962CC1E4EE780001EAAC0 /* Item.swift */,
				1118E6DD1E9C57F100A85134 /* Goal.swift */,
				00416AD41E47E5DB00DA733D /* Course.swift */,
				00DF402B1E47DC930095B2FD /* Event.swift */,
				00DF402D1E47DDF70095B2FD /* Log.swift */,
				007EE6F41EB0506A00E4CC30 /* Storage.swift */,
			);
			name = Models;
			sourceTree = "<group>";
		};
		283FB7494105331B3EFB97C9 /* Frameworks */ = {
			isa = PBXGroup;
			children = (
				D9980388F43AECB0582C67FE /* Pods_TMA.framework */,
			);
			name = Frameworks;
			sourceTree = "<group>";
		};
		391E7A6DF7CB421A2A9EAF14 /* Pods */ = {
			isa = PBXGroup;
			children = (
				506942A4975D9D963D2626DA /* Pods-TMA.debug.xcconfig */,
				B4E549B66F7D6B6754BD5852 /* Pods-TMA.release.xcconfig */,
			);
			name = Pods;
			sourceTree = "<group>";
		};
		6015DBF61E9F7406005C8009 /* Helpers */ = {
			isa = PBXGroup;
			children = (
				00DF402F1E47E0700095B2FD /* Helpers.swift */,
				609FB4811E6BF6DB00B09346 /* EmptyBackgroundView.swift */,
				60752EB91E9DD95C00D699B3 /* CalendarIntegration.swift */,
				607A784F1E983DE100177692 /* Keys.swift */,
				60E4E9961E96174B007EBEA4 /* Theme.swift */,
				60FD5E321EA5724600C73B9C /* LinkedList.swift */,
				60FD5E341EA5789D00C73B9C /* TimeBlock.swift */,
			);
			name = Helpers;
			path = ..;
			sourceTree = "<group>";
		};
		6015DBF91E9F74B8005C8009 /* Planner Pages */ = {
			isa = PBXGroup;
			children = (
				601962C01E4EB14C001EAAC0 /* PlannerViewController.swift */,
				602BFBD91E641A58006FED32 /* CalendarViewController.swift */,
				60822B8B1E6B9A58009670EC /* PlannerAddTableViewController.swift */,
			);
			name = "Planner Pages";
			sourceTree = "<group>";
		};
		6015DBFC1E9F750D005C8009 /* Quarters Pages */ = {
			isa = PBXGroup;
			children = (
				606B3A851E8E12D8000DF9DC /* QuarterAddTableViewController.swift */,
				60B5F7A51E8CD00F0025ACD0 /* QuartersViewController.swift */,
			);
			name = "Quarters Pages";
			sourceTree = "<group>";
		};
		6015DBFD1E9F751F005C8009 /* Course Pages */ = {
			isa = PBXGroup;
			children = (
				005709AB1E480046008D2D96 /* CourseAddViewController.swift */,
				009C4E2B1E42DD2800260378 /* CourseViewController.swift */,
			);
			name = "Course Pages";
			sourceTree = "<group>";
		};
		6015DBFF1E9F754B005C8009 /* Settings Pages */ = {
			isa = PBXGroup;
			children = (
				0009150A1EAD5628005A6BD3 /* LoginTableViewController.swift */,
				8F2CCA181EA7F42C0068B942 /* TutorialViewController.swift */,
				8F2CCA1A1EA7F4440068B942 /* TutorialPageViewController.swift */,
				60E4E9941E9603FC007EBEA4 /* ThemeTableViewController.swift */,
			);
			name = "Settings Pages";
			sourceTree = "<group>";
		};
		6015DC001E9F7566005C8009 /* General */ = {
			isa = PBXGroup;
			children = (
				009C4E211E42D37D00260378 /* Info.plist */,
				009C4E131E42D37D00260378 /* AppDelegate.swift */,
				009C4E191E42D37D00260378 /* Main.storyboard */,
				009C4E1E1E42D37D00260378 /* LaunchScreen.storyboard */,
				009C4E1C1E42D37D00260378 /* Assets.xcassets */,
			);
			name = General;
			sourceTree = "<group>";
		};
		604DFBE71EAB06EC00AD0656 /* Stats Pages */ = {
			isa = PBXGroup;
			children = (
				604DFBE81EAB079300AD0656 /* CourseStatsViewController.swift */,
				8F23F73B1EB9ED47009F64F5 /* QuarterStatsViewController.swift */,
			);
			name = "Stats Pages";
			sourceTree = "<group>";
		};
		8F2CCA0D1EA770300068B942 /* Tutorial Pages */ = {
			isa = PBXGroup;
			children = (
				8F2CCA1C1EA7F45B0068B942 /* Tutorial1ViewController.swift */,
				8F2CCA1E1EA7F46F0068B942 /* Tutorial2ViewController.swift */,
				8F2CCA201EA7F47B0068B942 /* Tutorial3ViewController.swift */,
				8F2CCA221EA7F4860068B942 /* Tutorial4ViewController.swift */,
				8F2CCA241EA7F48F0068B942 /* Tutorial5ViewController.swift */,
				8F2CCA261EA7F49A0068B942 /* Tutorial6ViewController.swift */,
			);
			name = "Tutorial Pages";
			sourceTree = "<group>";
		};
/* End PBXGroup section */

/* Begin PBXNativeTarget section */
		009C4E0F1E42D37D00260378 /* TMA */ = {
			isa = PBXNativeTarget;
			buildConfigurationList = 009C4E241E42D37D00260378 /* Build configuration list for PBXNativeTarget "TMA" */;
			buildPhases = (
				832EF8610BE79042EE1E0ED9 /* [CP] Check Pods Manifest.lock */,
				009C4E0C1E42D37D00260378 /* Sources */,
				009C4E0D1E42D37D00260378 /* Frameworks */,
				009C4E0E1E42D37D00260378 /* Resources */,
				25148FF7246EA2DE9545DDAF /* [CP] Embed Pods Frameworks */,
				7C6EB7E08A24550BA15C43AF /* [CP] Copy Pods Resources */,
				11F858131E516B2C007DCFAC /* Embed Frameworks */,
			);
			buildRules = (
			);
			dependencies = (
			);
			name = TMA;
			productName = TMA;
			productReference = 009C4E101E42D37D00260378 /* TMA.app */;
			productType = "com.apple.product-type.application";
		};
/* End PBXNativeTarget section */

/* Begin PBXProject section */
		009C4E081E42D37D00260378 /* Project object */ = {
			isa = PBXProject;
			attributes = {
				KnownAssetTags = (
					Cancel,
				);
				LastSwiftUpdateCheck = 0820;
				LastUpgradeCheck = 0820;
				ORGANIZATIONNAME = "Abdulrahman Sahmoud";
				TargetAttributes = {
					009C4E0F1E42D37D00260378 = {
						CreatedOnToolsVersion = 8.2.1;
						DevelopmentTeam = DKDM9HT68T;
						ProvisioningStyle = Automatic;
					};
				};
			};
			buildConfigurationList = 009C4E0B1E42D37D00260378 /* Build configuration list for PBXProject "TMA" */;
			compatibilityVersion = "Xcode 3.2";
			developmentRegion = English;
			hasScannedForEncodings = 0;
			knownRegions = (
				en,
				Base,
			);
			mainGroup = 009C4E071E42D37D00260378;
			productRefGroup = 009C4E111E42D37D00260378 /* Products */;
			projectDirPath = "";
			projectRoot = "";
			targets = (
				009C4E0F1E42D37D00260378 /* TMA */,
			);
		};
/* End PBXProject section */

/* Begin PBXResourcesBuildPhase section */
		009C4E0E1E42D37D00260378 /* Resources */ = {
			isa = PBXResourcesBuildPhase;
			buildActionMask = 2147483647;
			files = (
				009C4E201E42D37D00260378 /* LaunchScreen.storyboard in Resources */,
				009C4E1D1E42D37D00260378 /* Assets.xcassets in Resources */,
				009C4E1B1E42D37D00260378 /* Main.storyboard in Resources */,
			);
			runOnlyForDeploymentPostprocessing = 0;
		};
/* End PBXResourcesBuildPhase section */

/* Begin PBXShellScriptBuildPhase section */
		25148FF7246EA2DE9545DDAF /* [CP] Embed Pods Frameworks */ = {
			isa = PBXShellScriptBuildPhase;
			buildActionMask = 2147483647;
			files = (
			);
			inputPaths = (
			);
			name = "[CP] Embed Pods Frameworks";
			outputPaths = (
			);
			runOnlyForDeploymentPostprocessing = 0;
			shellPath = /bin/sh;
			shellScript = "\"${SRCROOT}/Pods/Target Support Files/Pods-TMA/Pods-TMA-frameworks.sh\"\n";
			showEnvVarsInLog = 0;
		};
		7C6EB7E08A24550BA15C43AF /* [CP] Copy Pods Resources */ = {
			isa = PBXShellScriptBuildPhase;
			buildActionMask = 2147483647;
			files = (
			);
			inputPaths = (
			);
			name = "[CP] Copy Pods Resources";
			outputPaths = (
			);
			runOnlyForDeploymentPostprocessing = 0;
			shellPath = /bin/sh;
			shellScript = "\"${SRCROOT}/Pods/Target Support Files/Pods-TMA/Pods-TMA-resources.sh\"\n";
			showEnvVarsInLog = 0;
		};
		832EF8610BE79042EE1E0ED9 /* [CP] Check Pods Manifest.lock */ = {
			isa = PBXShellScriptBuildPhase;
			buildActionMask = 2147483647;
			files = (
			);
			inputPaths = (
			);
			name = "[CP] Check Pods Manifest.lock";
			outputPaths = (
			);
			runOnlyForDeploymentPostprocessing = 0;
			shellPath = /bin/sh;
			shellScript = "diff \"${PODS_ROOT}/../Podfile.lock\" \"${PODS_ROOT}/Manifest.lock\" > /dev/null\nif [ $? != 0 ] ; then\n    # print error to STDERR\n    echo \"error: The sandbox is not in sync with the Podfile.lock. Run 'pod install' or update your CocoaPods installation.\" >&2\n    exit 1\nfi\n";
			showEnvVarsInLog = 0;
		};
/* End PBXShellScriptBuildPhase section */

/* Begin PBXSourcesBuildPhase section */
		009C4E0C1E42D37D00260378 /* Sources */ = {
			isa = PBXSourcesBuildPhase;
			buildActionMask = 2147483647;
			files = (
				009C4E141E42D37D00260378 /* AppDelegate.swift in Sources */,
				00416AD51E47E5DB00DA733D /* Course.swift in Sources */,
				8F2CCA231EA7F4860068B942 /* Tutorial4ViewController.swift in Sources */,
				60822B8C1E6B9A58009670EC /* PlannerAddTableViewController.swift in Sources */,
				607A78501E983DE100177692 /* Keys.swift in Sources */,
				60E4E9951E9603FC007EBEA4 /* ThemeTableViewController.swift in Sources */,
				00DF40301E47E0700095B2FD /* Helpers.swift in Sources */,
				8F2CCA271EA7F49A0068B942 /* Tutorial6ViewController.swift in Sources */,
				00DF402E1E47DDF70095B2FD /* Log.swift in Sources */,
				60FD5E331EA5724600C73B9C /* LinkedList.swift in Sources */,
				60752EBA1E9DD95C00D699B3 /* CalendarIntegration.swift in Sources */,
				009C4E2C1E42DD2800260378 /* CourseViewController.swift in Sources */,
				601962CD1E4EE780001EAAC0 /* Item.swift in Sources */,
				601962C11E4EB14C001EAAC0 /* PlannerViewController.swift in Sources */,
				606B3A861E8E12D8000DF9DC /* QuarterAddTableViewController.swift in Sources */,
				8F23F73C1EB9ED47009F64F5 /* QuarterStatsViewController.swift in Sources */,
				604DFBE91EAB079300AD0656 /* CourseStatsViewController.swift in Sources */,
				8F2CCA191EA7F42C0068B942 /* TutorialViewController.swift in Sources */,
				8F2CCA251EA7F48F0068B942 /* Tutorial5ViewController.swift in Sources */,
				0009150B1EAD5628005A6BD3 /* LoginTableViewController.swift in Sources */,
				60FD5E351EA5789D00C73B9C /* TimeBlock.swift in Sources */,
				609FB4821E6BF6DB00B09346 /* EmptyBackgroundView.swift in Sources */,
				8F2CCA211EA7F47B0068B942 /* Tutorial3ViewController.swift in Sources */,
				60B325BB1E8AE59F00CE6164 /* Quarter.swift in Sources */,
				00DF402C1E47DC930095B2FD /* Event.swift in Sources */,
				602BFBDA1E641A58006FED32 /* CalendarViewController.swift in Sources */,
				60E4E9971E96174B007EBEA4 /* Theme.swift in Sources */,
				8F2CCA1D1EA7F45B0068B942 /* Tutorial1ViewController.swift in Sources */,
				8F2CCA1B1EA7F4440068B942 /* TutorialPageViewController.swift in Sources */,
				1118E6DE1E9C57F100A85134 /* Goal.swift in Sources */,
				8F2CCA1F1EA7F46F0068B942 /* Tutorial2ViewController.swift in Sources */,
				005709AC1E480046008D2D96 /* CourseAddViewController.swift in Sources */,
				60B5F7A61E8CD00F0025ACD0 /* QuartersViewController.swift in Sources */,
				007EE6F51EB0506A00E4CC30 /* Storage.swift in Sources */,
			);
			runOnlyForDeploymentPostprocessing = 0;
		};
/* End PBXSourcesBuildPhase section */

/* Begin PBXVariantGroup section */
		009C4E191E42D37D00260378 /* Main.storyboard */ = {
			isa = PBXVariantGroup;
			children = (
				009C4E1A1E42D37D00260378 /* Base */,
			);
			name = Main.storyboard;
			sourceTree = "<group>";
		};
		009C4E1E1E42D37D00260378 /* LaunchScreen.storyboard */ = {
			isa = PBXVariantGroup;
			children = (
				009C4E1F1E42D37D00260378 /* Base */,
			);
			name = LaunchScreen.storyboard;
			sourceTree = "<group>";
		};
/* End PBXVariantGroup section */

/* Begin XCBuildConfiguration section */
		009C4E221E42D37D00260378 /* Debug */ = {
			isa = XCBuildConfiguration;
			buildSettings = {
				ALWAYS_SEARCH_USER_PATHS = NO;
				CLANG_ANALYZER_NONNULL = YES;
				CLANG_CXX_LANGUAGE_STANDARD = "gnu++0x";
				CLANG_CXX_LIBRARY = "libc++";
				CLANG_ENABLE_MODULES = YES;
				CLANG_ENABLE_OBJC_ARC = YES;
				CLANG_WARN_BOOL_CONVERSION = YES;
				CLANG_WARN_CONSTANT_CONVERSION = YES;
				CLANG_WARN_DIRECT_OBJC_ISA_USAGE = YES_ERROR;
				CLANG_WARN_DOCUMENTATION_COMMENTS = YES;
				CLANG_WARN_EMPTY_BODY = YES;
				CLANG_WARN_ENUM_CONVERSION = YES;
				CLANG_WARN_INFINITE_RECURSION = YES;
				CLANG_WARN_INT_CONVERSION = YES;
				CLANG_WARN_OBJC_ROOT_CLASS = YES_ERROR;
				CLANG_WARN_SUSPICIOUS_MOVE = YES;
				CLANG_WARN_UNREACHABLE_CODE = YES;
				CLANG_WARN__DUPLICATE_METHOD_MATCH = YES;
				"CODE_SIGN_IDENTITY[sdk=iphoneos*]" = "iPhone Developer";
				COPY_PHASE_STRIP = NO;
				DEBUG_INFORMATION_FORMAT = dwarf;
				ENABLE_STRICT_OBJC_MSGSEND = YES;
				ENABLE_TESTABILITY = YES;
				GCC_C_LANGUAGE_STANDARD = gnu99;
				GCC_DYNAMIC_NO_PIC = NO;
				GCC_NO_COMMON_BLOCKS = YES;
				GCC_OPTIMIZATION_LEVEL = 0;
				GCC_PREPROCESSOR_DEFINITIONS = (
					"DEBUG=1",
					"$(inherited)",
				);
				GCC_WARN_64_TO_32_BIT_CONVERSION = YES;
				GCC_WARN_ABOUT_RETURN_TYPE = YES_ERROR;
				GCC_WARN_UNDECLARED_SELECTOR = YES;
				GCC_WARN_UNINITIALIZED_AUTOS = YES_AGGRESSIVE;
				GCC_WARN_UNUSED_FUNCTION = YES;
				GCC_WARN_UNUSED_VARIABLE = YES;
				IPHONEOS_DEPLOYMENT_TARGET = 10.2;
				MTL_ENABLE_DEBUG_INFO = YES;
				ONLY_ACTIVE_ARCH = YES;
				SDKROOT = iphoneos;
				SWIFT_ACTIVE_COMPILATION_CONDITIONS = DEBUG;
				SWIFT_OPTIMIZATION_LEVEL = "-Onone";
			};
			name = Debug;
		};
		009C4E231E42D37D00260378 /* Release */ = {
			isa = XCBuildConfiguration;
			buildSettings = {
				ALWAYS_SEARCH_USER_PATHS = NO;
				CLANG_ANALYZER_NONNULL = YES;
				CLANG_CXX_LANGUAGE_STANDARD = "gnu++0x";
				CLANG_CXX_LIBRARY = "libc++";
				CLANG_ENABLE_MODULES = YES;
				CLANG_ENABLE_OBJC_ARC = YES;
				CLANG_WARN_BOOL_CONVERSION = YES;
				CLANG_WARN_CONSTANT_CONVERSION = YES;
				CLANG_WARN_DIRECT_OBJC_ISA_USAGE = YES_ERROR;
				CLANG_WARN_DOCUMENTATION_COMMENTS = YES;
				CLANG_WARN_EMPTY_BODY = YES;
				CLANG_WARN_ENUM_CONVERSION = YES;
				CLANG_WARN_INFINITE_RECURSION = YES;
				CLANG_WARN_INT_CONVERSION = YES;
				CLANG_WARN_OBJC_ROOT_CLASS = YES_ERROR;
				CLANG_WARN_SUSPICIOUS_MOVE = YES;
				CLANG_WARN_UNREACHABLE_CODE = YES;
				CLANG_WARN__DUPLICATE_METHOD_MATCH = YES;
				"CODE_SIGN_IDENTITY[sdk=iphoneos*]" = "iPhone Developer";
				COPY_PHASE_STRIP = NO;
				DEBUG_INFORMATION_FORMAT = "dwarf-with-dsym";
				ENABLE_NS_ASSERTIONS = NO;
				ENABLE_STRICT_OBJC_MSGSEND = YES;
				GCC_C_LANGUAGE_STANDARD = gnu99;
				GCC_NO_COMMON_BLOCKS = YES;
				GCC_WARN_64_TO_32_BIT_CONVERSION = YES;
				GCC_WARN_ABOUT_RETURN_TYPE = YES_ERROR;
				GCC_WARN_UNDECLARED_SELECTOR = YES;
				GCC_WARN_UNINITIALIZED_AUTOS = YES_AGGRESSIVE;
				GCC_WARN_UNUSED_FUNCTION = YES;
				GCC_WARN_UNUSED_VARIABLE = YES;
				IPHONEOS_DEPLOYMENT_TARGET = 10.2;
				MTL_ENABLE_DEBUG_INFO = NO;
				SDKROOT = iphoneos;
				SWIFT_OPTIMIZATION_LEVEL = "-Owholemodule";
				VALIDATE_PRODUCT = YES;
			};
			name = Release;
		};
		009C4E251E42D37D00260378 /* Debug */ = {
			isa = XCBuildConfiguration;
			baseConfigurationReference = 506942A4975D9D963D2626DA /* Pods-TMA.debug.xcconfig */;
			buildSettings = {
				ALWAYS_EMBED_SWIFT_STANDARD_LIBRARIES = YES;
				ASSETCATALOG_COMPILER_APPICON_NAME = AppIcon;
				DEVELOPMENT_TEAM = DKDM9HT68T;
				INFOPLIST_FILE = TMA/Info.plist;
				LD_RUNPATH_SEARCH_PATHS = "$(inherited) @executable_path/Frameworks";
				NEW_SETTING = "";
				PRODUCT_BUNDLE_IDENTIFIER = BackOnTrack.ucdavis.edu;
				PRODUCT_NAME = "$(TARGET_NAME)";
				SWIFT_VERSION = 3.0;
			};
			name = Debug;
		};
		009C4E261E42D37D00260378 /* Release */ = {
			isa = XCBuildConfiguration;
			baseConfigurationReference = B4E549B66F7D6B6754BD5852 /* Pods-TMA.release.xcconfig */;
			buildSettings = {
				ALWAYS_EMBED_SWIFT_STANDARD_LIBRARIES = YES;
				ASSETCATALOG_COMPILER_APPICON_NAME = AppIcon;
				DEVELOPMENT_TEAM = DKDM9HT68T;
				INFOPLIST_FILE = TMA/Info.plist;
				LD_RUNPATH_SEARCH_PATHS = "$(inherited) @executable_path/Frameworks";
				NEW_SETTING = "";
				PRODUCT_BUNDLE_IDENTIFIER = BackOnTrack.ucdavis.edu;
				PRODUCT_NAME = "$(TARGET_NAME)";
				SWIFT_VERSION = 3.0;
			};
			name = Release;
		};
/* End XCBuildConfiguration section */

/* Begin XCConfigurationList section */
		009C4E0B1E42D37D00260378 /* Build configuration list for PBXProject "TMA" */ = {
			isa = XCConfigurationList;
			buildConfigurations = (
				009C4E221E42D37D00260378 /* Debug */,
				009C4E231E42D37D00260378 /* Release */,
			);
			defaultConfigurationIsVisible = 0;
			defaultConfigurationName = Release;
		};
		009C4E241E42D37D00260378 /* Build configuration list for PBXNativeTarget "TMA" */ = {
			isa = XCConfigurationList;
			buildConfigurations = (
				009C4E251E42D37D00260378 /* Debug */,
				009C4E261E42D37D00260378 /* Release */,
			);
			defaultConfigurationIsVisible = 0;
			defaultConfigurationName = Release;
		};
/* End XCConfigurationList section */
	};
	rootObject = 009C4E081E42D37D00260378 /* Project object */;
}
